
Microsoft Visual Studio Solution File, Format Version 12.00
# Visual Studio Version 17
VisualStudioVersion = 17.3.32929.385
MinimumVisualStudioVersion = 10.0.40219.1
Project("{FAE04EC0-301F-11D3-BF4B-00C04F79EFBC}") = "Clase2.IntroMVC.Web", "Clase2.IntroMVC.Web\Clase2.IntroMVC.Web.csproj", "{39C46497-F1EC-48CA-A2BD-508E2C6CF4FB}"
EndProject
Project("{FAE04EC0-301F-11D3-BF4B-00C04F79EFBC}") = "Clase2.IntroMvc.Logica", "Clase2.IntroMvc.Logica\Clase2.IntroMvc.Logica.csproj", "{31526B01-D7F0-432F-B132-BFDB6055C71F}"
EndProject
Project("{FAE04EC0-301F-11D3-BF4B-00C04F79EFBC}") = "Clase2.IntroMVC.Entidades", "Clase2.IntroMVC.Entidades\Clase2.IntroMVC.Entidades.csproj", "{67B1083C-3BAA-40EC-ABF1-751E9F7C04F6}"
EndProject
Global
	GlobalSection(SolutionConfigurationPlatforms) = preSolution
		Debug|Any CPU = Debug|Any CPU
		Release|Any CPU = Release|Any CPU
	EndGlobalSection
	GlobalSection(ProjectConfigurationPlatforms) = postSolution
		{39C46497-F1EC-48CA-A2BD-508E2C6CF4FB}.Debug|Any CPU.ActiveCfg = Debug|Any CPU
		{39C46497-F1EC-48CA-A2BD-508E2C6CF4FB}.Debug|Any CPU.Build.0 = Debug|Any CPU
		{39C46497-F1EC-48CA-A2BD-508E2C6CF4FB}.Release|Any CPU.ActiveCfg = Release|Any CPU
		{39C46497-F1EC-48CA-A2BD-508E2C6CF4FB}.Release|Any CPU.Build.0 = Release|Any CPU
		{31526B01-D7F0-432F-B132-BFDB6055C71F}.Debug|Any CPU.ActiveCfg = Debug|Any CPU
		{31526B01-D7F0-432F-B132-BFDB6055C71F}.Debug|Any CPU.Build.0 = Debug|Any CPU
		{31526B01-D7F0-432F-B132-BFDB6055C71F}.Release|Any CPU.ActiveCfg = Release|Any CPU
		{31526B01-D7F0-432F-B132-BFDB6055C71F}.Release|Any CPU.Build.0 = Release|Any CPU
		{67B1083C-3BAA-40EC-ABF1-751E9F7C04F6}.Debug|Any CPU.ActiveCfg = Debug|Any CPU
		{67B1083C-3BAA-40EC-ABF1-751E9F7C04F6}.Debug|Any CPU.Build.0 = Debug|Any CPU
		{67B1083C-3BAA-40EC-ABF1-751E9F7C04F6}.Release|Any CPU.ActiveCfg = Release|Any CPU
		{67B1083C-3BAA-40EC-ABF1-751E9F7C04F6}.Release|Any CPU.Build.0 = Release|Any CPU
	EndGlobalSection
	GlobalSection(SolutionProperties) = preSolution
		HideSolutionNode = FALSE
	EndGlobalSection
	GlobalSection(ExtensibilityGlobals) = postSolution
		SolutionGuid = {FA31D883-D826-444E-B01D-F3AAE1823040}
	EndGlobalSection
EndGlobal
