
Microsoft Visual Studio Solution File, Format Version 12.00
# Visual Studio Version 17
VisualStudioVersion = 17.3.32929.385
MinimumVisualStudioVersion = 10.0.40219.1
Project("{9A19103F-16F7-4668-BE54-9A1E7A4F7556}") = "Clase1.Consola", "Clase1.Consola\Clase1.Consola.csproj", "{2D857B4E-C8DC-486B-A38D-BEBE9433931B}"
EndProject
Project("{9A19103F-16F7-4668-BE54-9A1E7A4F7556}") = "Clase1.UnitTests", "Clase1.UnitTests\Clase1.UnitTests.csproj", "{63728B36-0EBE-4146-B139-533E7F9706F3}"
EndProject
Project("{FAE04EC0-301F-11D3-BF4B-00C04F79EFBC}") = "Clase1.Tarea", "Clase1.Tarea\Clase1.Tarea.csproj", "{F143A2E7-72EA-407B-A772-00AA61969A9F}"
EndProject
Global
	GlobalSection(SolutionConfigurationPlatforms) = preSolution
		Debug|Any CPU = Debug|Any CPU
		Release|Any CPU = Release|Any CPU
	EndGlobalSection
	GlobalSection(ProjectConfigurationPlatforms) = postSolution
		{2D857B4E-C8DC-486B-A38D-BEBE9433931B}.Debug|Any CPU.ActiveCfg = Debug|Any CPU
		{2D857B4E-C8DC-486B-A38D-BEBE9433931B}.Debug|Any CPU.Build.0 = Debug|Any CPU
		{2D857B4E-C8DC-486B-A38D-BEBE9433931B}.Release|Any CPU.ActiveCfg = Release|Any CPU
		{2D857B4E-C8DC-486B-A38D-BEBE9433931B}.Release|Any CPU.Build.0 = Release|Any CPU
		{63728B36-0EBE-4146-B139-533E7F9706F3}.Debug|Any CPU.ActiveCfg = Debug|Any CPU
		{63728B36-0EBE-4146-B139-533E7F9706F3}.Debug|Any CPU.Build.0 = Debug|Any CPU
		{63728B36-0EBE-4146-B139-533E7F9706F3}.Release|Any CPU.ActiveCfg = Release|Any CPU
		{63728B36-0EBE-4146-B139-533E7F9706F3}.Release|Any CPU.Build.0 = Release|Any CPU
		{F143A2E7-72EA-407B-A772-00AA61969A9F}.Debug|Any CPU.ActiveCfg = Debug|Any CPU
		{F143A2E7-72EA-407B-A772-00AA61969A9F}.Debug|Any CPU.Build.0 = Debug|Any CPU
		{F143A2E7-72EA-407B-A772-00AA61969A9F}.Release|Any CPU.ActiveCfg = Release|Any CPU
		{F143A2E7-72EA-407B-A772-00AA61969A9F}.Release|Any CPU.Build.0 = Release|Any CPU
	EndGlobalSection
	GlobalSection(SolutionProperties) = preSolution
		HideSolutionNode = FALSE
	EndGlobalSection
	GlobalSection(ExtensibilityGlobals) = postSolution
		SolutionGuid = {AEB8797E-D2E0-4354-8CAE-5899E07D4465}
	EndGlobalSection
EndGlobal
